// !$*UTF8*$!
{
	archiveVersion = 1;
	classes = {
	};
	objectVersion = 50;
	objects = {

/* Begin PBXBuildFile section */
		8C9D2C2C1C77104986E6524B /* libPods-GoogleMapsSampleCode.a in Frameworks */ = {isa = PBXBuildFile; fileRef = AB624369B6E16AF8CBF5BDFE /* libPods-GoogleMapsSampleCode.a */; };
		AAF2E5F321EDB04A00EEBE29 /* AppDelegate.swift in Sources */ = {isa = PBXBuildFile; fileRef = AAF2E5F221EDB04A00EEBE29 /* AppDelegate.swift */; };
		AAF2E5F521EDB04A00EEBE29 /* ViewController.swift in Sources */ = {isa = PBXBuildFile; fileRef = AAF2E5F421EDB04A00EEBE29 /* ViewController.swift */; };
		AAF2E5F821EDB04A00EEBE29 /* Main.storyboard in Resources */ = {isa = PBXBuildFile; fileRef = AAF2E5F621EDB04A00EEBE29 /* Main.storyboard */; };
		AAF2E5FA21EDB04B00EEBE29 /* Assets.xcassets in Resources */ = {isa = PBXBuildFile; fileRef = AAF2E5F921EDB04B00EEBE29 /* Assets.xcassets */; };
		AAF2E5FD21EDB04B00EEBE29 /* LaunchScreen.storyboard in Resources */ = {isa = PBXBuildFile; fileRef = AAF2E5FB21EDB04B00EEBE29 /* LaunchScreen.storyboard */; };
/* End PBXBuildFile section */

/* Begin PBXFileReference section */
		A009D3B7270DF53838BBB09A /* Pods-GoogleMapsSampleCode.release.xcconfig */ = {isa = PBXFileReference; includeInIndex = 1; lastKnownFileType = text.xcconfig; name = "Pods-GoogleMapsSampleCode.release.xcconfig"; path = "Pods/Target Support Files/Pods-GoogleMapsSampleCode/Pods-GoogleMapsSampleCode.release.xcconfig"; sourceTree = "<group>"; };
		A821B596C1F9F648D5022511 /* Pods-GoogleMapsSampleCode.debug.xcconfig */ = {isa = PBXFileReference; includeInIndex = 1; lastKnownFileType = text.xcconfig; name = "Pods-GoogleMapsSampleCode.debug.xcconfig"; path = "Pods/Target Support Files/Pods-GoogleMapsSampleCode/Pods-GoogleMapsSampleCode.debug.xcconfig"; sourceTree = "<group>"; };
		AAF2E5EF21EDB04A00EEBE29 /* GoogleMapsSampleCode.app */ = {isa = PBXFileReference; explicitFileType = wrapper.application; includeInIndex = 0; path = GoogleMapsSampleCode.app; sourceTree = BUILT_PRODUCTS_DIR; };
		AAF2E5F221EDB04A00EEBE29 /* AppDelegate.swift */ = {isa = PBXFileReference; lastKnownFileType = sourcecode.swift; path = AppDelegate.swift; sourceTree = "<group>"; };
		AAF2E5F421EDB04A00EEBE29 /* ViewController.swift */ = {isa = PBXFileReference; lastKnownFileType = sourcecode.swift; path = ViewController.swift; sourceTree = "<group>"; };
		AAF2E5F721EDB04A00EEBE29 /* Base */ = {isa = PBXFileReference; lastKnownFileType = file.storyboard; name = Base; path = Base.lproj/Main.storyboard; sourceTree = "<group>"; };
		AAF2E5F921EDB04B00EEBE29 /* Assets.xcassets */ = {isa = PBXFileReference; lastKnownFileType = folder.assetcatalog; path = Assets.xcassets; sourceTree = "<group>"; };
		AAF2E5FC21EDB04B00EEBE29 /* Base */ = {isa = PBXFileReference; lastKnownFileType = file.storyboard; name = Base; path = Base.lproj/LaunchScreen.storyboard; sourceTree = "<group>"; };
		AAF2E5FE21EDB04B00EEBE29 /* Info.plist */ = {isa = PBXFileReference; lastKnownFileType = text.plist.xml; path = Info.plist; sourceTree = "<group>"; };
		AB624369B6E16AF8CBF5BDFE /* libPods-GoogleMapsSampleCode.a */ = {isa = PBXFileReference; explicitFileType = archive.ar; includeInIndex = 0; path = "libPods-GoogleMapsSampleCode.a"; sourceTree = BUILT_PRODUCTS_DIR; };
/* End PBXFileReference section */

/* Begin PBXFrameworksBuildPhase section */
		AAF2E5EC21EDB04A00EEBE29 /* Frameworks */ = {
			isa = PBXFrameworksBuildPhase;
			buildActionMask = 2147483647;
			files = (
				8C9D2C2C1C77104986E6524B /* libPods-GoogleMapsSampleCode.a in Frameworks */,
			);
			runOnlyForDeploymentPostprocessing = 0;
		};
/* End PBXFrameworksBuildPhase section */

/* Begin PBXGroup section */
		A313677A818F2C0723E65471 /* Pods */ = {
			isa = PBXGroup;
			children = (
				A821B596C1F9F648D5022511 /* Pods-GoogleMapsSampleCode.debug.xcconfig */,
				A009D3B7270DF53838BBB09A /* Pods-GoogleMapsSampleCode.release.xcconfig */,
			);
			name = Pods;
			sourceTree = "<group>";
		};
		A5294294D5FFBB86C96C3614 /* Frameworks */ = {
			isa = PBXGroup;
			children = (
				AB624369B6E16AF8CBF5BDFE /* libPods-GoogleMapsSampleCode.a */,
			);
			name = Frameworks;
			sourceTree = "<group>";
		};
		AAF2E5E621EDB04A00EEBE29 = {
			isa = PBXGroup;
			children = (
				AAF2E5F121EDB04A00EEBE29 /* GoogleMapsSampleCode */,
				AAF2E5F021EDB04A00EEBE29 /* Products */,
				A313677A818F2C0723E65471 /* Pods */,
				A5294294D5FFBB86C96C3614 /* Frameworks */,
			);
			sourceTree = "<group>";
		};
		AAF2E5F021EDB04A00EEBE29 /* Products */ = {
			isa = PBXGroup;
			children = (
				AAF2E5EF21EDB04A00EEBE29 /* GoogleMapsSampleCode.app */,
			);
			name = Products;
			sourceTree = "<group>";
		};
		AAF2E5F121EDB04A00EEBE29 /* GoogleMapsSampleCode */ = {
			isa = PBXGroup;
			children = (
				AAF2E5F221EDB04A00EEBE29 /* AppDelegate.swift */,
				AAF2E5F421EDB04A00EEBE29 /* ViewController.swift */,
				AAF2E5F621EDB04A00EEBE29 /* Main.storyboard */,
				AAF2E5F921EDB04B00EEBE29 /* Assets.xcassets */,
				AAF2E5FB21EDB04B00EEBE29 /* LaunchScreen.storyboard */,
				AAF2E5FE21EDB04B00EEBE29 /* Info.plist */,
			);
			path = GoogleMapsSampleCode;
			sourceTree = "<group>";
		};
/* End PBXGroup section */

/* Begin PBXNativeTarget section */
		AAF2E5EE21EDB04A00EEBE29 /* GoogleMapsSampleCode */ = {
			isa = PBXNativeTarget;
			buildConfigurationList = AAF2E60121EDB04B00EEBE29 /* Build configuration list for PBXNativeTarget "GoogleMapsSampleCode" */;
			buildPhases = (
				E54E6CE31680D8433F79F8BA /* [CP] Check Pods Manifest.lock */,
				AAF2E5EB21EDB04A00EEBE29 /* Sources */,
				AAF2E5EC21EDB04A00EEBE29 /* Frameworks */,
				AAF2E5ED21EDB04A00EEBE29 /* Resources */,
				F08DE5ED0E411CC720BE4CDA /* [CP] Copy Pods Resources */,
			);
			buildRules = (
			);
			dependencies = (
			);
			name = GoogleMapsSampleCode;
			productName = GoogleMapsSampleCode;
			productReference = AAF2E5EF21EDB04A00EEBE29 /* GoogleMapsSampleCode.app */;
			productType = "com.apple.product-type.application";
		};
/* End PBXNativeTarget section */

/* Begin PBXProject section */
		AAF2E5E721EDB04A00EEBE29 /* Project object */ = {
			isa = PBXProject;
			attributes = {
				LastSwiftUpdateCheck = 1010;
				LastUpgradeCheck = 1010;
				ORGANIZATIONNAME = BrainTools;
				TargetAttributes = {
					AAF2E5EE21EDB04A00EEBE29 = {
						CreatedOnToolsVersion = 10.1;
					};
				};
			};
			buildConfigurationList = AAF2E5EA21EDB04A00EEBE29 /* Build configuration list for PBXProject "GoogleMapsSampleCode" */;
			compatibilityVersion = "Xcode 9.3";
			developmentRegion = en;
			hasScannedForEncodings = 0;
			knownRegions = (
				en,
				Base,
			);
			mainGroup = AAF2E5E621EDB04A00EEBE29;
			productRefGroup = AAF2E5F021EDB04A00EEBE29 /* Products */;
			projectDirPath = "";
			projectRoot = "";
			targets = (
				AAF2E5EE21EDB04A00EEBE29 /* GoogleMapsSampleCode */,
			);
		};
/* End PBXProject section */

/* Begin PBXResourcesBuildPhase section */
		AAF2E5ED21EDB04A00EEBE29 /* Resources */ = {
			isa = PBXResourcesBuildPhase;
			buildActionMask = 2147483647;
			files = (
				AAF2E5FD21EDB04B00EEBE29 /* LaunchScreen.storyboard in Resources */,
				AAF2E5FA21EDB04B00EEBE29 /* Assets.xcassets in Resources */,
				AAF2E5F821EDB04A00EEBE29 /* Main.storyboard in Resources */,
			);
			runOnlyForDeploymentPostprocessing = 0;
		};
/* End PBXResourcesBuildPhase section */

/* Begin PBXShellScriptBuildPhase section */
		E54E6CE31680D8433F79F8BA /* [CP] Check Pods Manifest.lock */ = {
			isa = PBXShellScriptBuildPhase;
			buildActionMask = 2147483647;
			files = (
			);
			inputFileListPaths = (
			);
			inputPaths = (
				"${PODS_PODFILE_DIR_PATH}/Podfile.lock",
				"${PODS_ROOT}/Manifest.lock",
			);
			name = "[CP] Check Pods Manifest.lock";
			outputFileListPaths = (
			);
			outputPaths = (
				"$(DERIVED_FILE_DIR)/Pods-GoogleMapsSampleCode-checkManifestLockResult.txt",
			);
			runOnlyForDeploymentPostprocessing = 0;
			shellPath = /bin/sh;
			shellScript = "diff \"${PODS_PODFILE_DIR_PATH}/Podfile.lock\" \"${PODS_ROOT}/Manifest.lock\" > /dev/null\nif [ $? != 0 ] ; then\n    # print error to STDERR\n    echo \"error: The sandbox is not in sync with the Podfile.lock. Run 'pod install' or update your CocoaPods installation.\" >&2\n    exit 1\nfi\n# This output is used by Xcode 'outputs' to avoid re-running this script phase.\necho \"SUCCESS\" > \"${SCRIPT_OUTPUT_FILE_0}\"\n";
			showEnvVarsInLog = 0;
		};
		F08DE5ED0E411CC720BE4CDA /* [CP] Copy Pods Resources */ = {
			isa = PBXShellScriptBuildPhase;
			buildActionMask = 2147483647;
			files = (
			);
			inputFileListPaths = (
			);
			inputPaths = (
				"${SRCROOT}/Pods/Target Support Files/Pods-GoogleMapsSampleCode/Pods-GoogleMapsSampleCode-resources.sh",
				"${PODS_ROOT}/GoogleMaps/Maps/Frameworks/GoogleMaps.framework/Resources/GoogleMaps.bundle",
			);
			name = "[CP] Copy Pods Resources";
			outputFileListPaths = (
			);
			outputPaths = (
				"${TARGET_BUILD_DIR}/${UNLOCALIZED_RESOURCES_FOLDER_PATH}/GoogleMaps.bundle",
			);
			runOnlyForDeploymentPostprocessing = 0;
			shellPath = /bin/sh;
			shellScript = "\"${SRCROOT}/Pods/Target Support Files/Pods-GoogleMapsSampleCode/Pods-GoogleMapsSampleCode-resources.sh\"\n";
			showEnvVarsInLog = 0;
		};
/* End PBXShellScriptBuildPhase section */

/* Begin PBXSourcesBuildPhase section */
		AAF2E5EB21EDB04A00EEBE29 /* Sources */ = {
			isa = PBXSourcesBuildPhase;
			buildActionMask = 2147483647;
			files = (
				AAF2E5F521EDB04A00EEBE29 /* ViewController.swift in Sources */,
				AAF2E5F321EDB04A00EEBE29 /* AppDelegate.swift in Sources */,
			);
			runOnlyForDeploymentPostprocessing = 0;
		};
/* End PBXSourcesBuildPhase section */

/* Begin PBXVariantGroup section */
		AAF2E5F621EDB04A00EEBE29 /* Main.storyboard */ = {
			isa = PBXVariantGroup;
			children = (
				AAF2E5F721EDB04A00EEBE29 /* Base */,
			);
			name = Main.storyboard;
			sourceTree = "<group>";
		};
		AAF2E5FB21EDB04B00EEBE29 /* LaunchScreen.storyboard */ = {
			isa = PBXVariantGroup;
			children = (
				AAF2E5FC21EDB04B00EEBE29 /* Base */,
			);
			name = LaunchScreen.storyboard;
			sourceTree = "<group>";
		};
/* End PBXVariantGroup section */

/* Begin XCBuildConfiguration section */
		AAF2E5FF21EDB04B00EEBE29 /* Debug */ = {
			isa = XCBuildConfiguration;
			buildSettings = {
				ALWAYS_SEARCH_USER_PATHS = NO;
				CLANG_ANALYZER_NONNULL = YES;
				CLANG_ANALYZER_NUMBER_OBJECT_CONVERSION = YES_AGGRESSIVE;
				CLANG_CXX_LANGUAGE_STANDARD = "gnu++14";
				CLANG_CXX_LIBRARY = "libc++";
				CLANG_ENABLE_MODULES = YES;
				CLANG_ENABLE_OBJC_ARC = YES;
				CLANG_ENABLE_OBJC_WEAK = YES;
				CLANG_WARN_BLOCK_CAPTURE_AUTORELEASING = YES;
				CLANG_WARN_BOOL_CONVERSION = YES;
				CLANG_WARN_COMMA = YES;
				CLANG_WARN_CONSTANT_CONVERSION = YES;
				CLANG_WARN_DEPRECATED_OBJC_IMPLEMENTATIONS = YES;
				CLANG_WARN_DIRECT_OBJC_ISA_USAGE = YES_ERROR;
				CLANG_WARN_DOCUMENTATION_COMMENTS = YES;
				CLANG_WARN_EMPTY_BODY = YES;
				CLANG_WARN_ENUM_CONVERSION = YES;
				CLANG_WARN_INFINITE_RECURSION = YES;
				CLANG_WARN_INT_CONVERSION = YES;
				CLANG_WARN_NON_LITERAL_NULL_CONVERSION = YES;
				CLANG_WARN_OBJC_IMPLICIT_RETAIN_SELF = YES;
				CLANG_WARN_OBJC_LITERAL_CONVERSION = YES;
				CLANG_WARN_OBJC_ROOT_CLASS = YES_ERROR;
				CLANG_WARN_RANGE_LOOP_ANALYSIS = YES;
				CLANG_WARN_STRICT_PROTOTYPES = YES;
				CLANG_WARN_SUSPICIOUS_MOVE = YES;
				CLANG_WARN_UNGUARDED_AVAILABILITY = YES_AGGRESSIVE;
				CLANG_WARN_UNREACHABLE_CODE = YES;
				CLANG_WARN__DUPLICATE_METHOD_MATCH = YES;
				CODE_SIGN_IDENTITY = "iPhone Developer";
				COPY_PHASE_STRIP = NO;
				DEBUG_INFORMATION_FORMAT = dwarf;
				ENABLE_STRICT_OBJC_MSGSEND = YES;
				ENABLE_TESTABILITY = YES;
				GCC_C_LANGUAGE_STANDARD = gnu11;
				GCC_DYNAMIC_NO_PIC = NO;
				GCC_NO_COMMON_BLOCKS = YES;
				GCC_OPTIMIZATION_LEVEL = 0;
				GCC_PREPROCESSOR_DEFINITIONS = (
					"DEBUG=1",
					"$(inherited)",
				);
				GCC_WARN_64_TO_32_BIT_CONVERSION = YES;
				GCC_WARN_ABOUT_RETURN_TYPE = YES_ERROR;
				GCC_WARN_UNDECLARED_SELECTOR = YES;
				GCC_WARN_UNINITIALIZED_AUTOS = YES_AGGRESSIVE;
				GCC_WARN_UNUSED_FUNCTION = YES;
				GCC_WARN_UNUSED_VARIABLE = YES;
				IPHONEOS_DEPLOYMENT_TARGET = 12.1;
				MTL_ENABLE_DEBUG_INFO = INCLUDE_SOURCE;
				MTL_FAST_MATH = YES;
				ONLY_ACTIVE_ARCH = YES;
				SDKROOT = iphoneos;
				SWIFT_ACTIVE_COMPILATION_CONDITIONS = DEBUG;
				SWIFT_OPTIMIZATION_LEVEL = "-Onone";
			};
			name = Debug;
		};
		AAF2E60021EDB04B00EEBE29 /* Release */ = {
			isa = XCBuildConfiguration;
			buildSettings = {
				ALWAYS_SEARCH_USER_PATHS = NO;
				CLANG_ANALYZER_NONNULL = YES;
				CLANG_ANALYZER_NUMBER_OBJECT_CONVERSION = YES_AGGRESSIVE;
				CLANG_CXX_LANGUAGE_STANDARD = "gnu++14";
				CLANG_CXX_LIBRARY = "libc++";
				CLANG_ENABLE_MODULES = YES;
				CLANG_ENABLE_OBJC_ARC = YES;
				CLANG_ENABLE_OBJC_WEAK = YES;
				CLANG_WARN_BLOCK_CAPTURE_AUTORELEASING = YES;
				CLANG_WARN_BOOL_CONVERSION = YES;
				CLANG_WARN_COMMA = YES;
				CLANG_WARN_CONSTANT_CONVERSION = YES;
				CLANG_WARN_DEPRECATED_OBJC_IMPLEMENTATIONS = YES;
				CLANG_WARN_DIRECT_OBJC_ISA_USAGE = YES_ERROR;
				CLANG_WARN_DOCUMENTATION_COMMENTS = YES;
				CLANG_WARN_EMPTY_BODY = YES;
				CLANG_WARN_ENUM_CONVERSION = YES;
				CLANG_WARN_INFINITE_RECURSION = YES;
				CLANG_WARN_INT_CONVERSION = YES;
				CLANG_WARN_NON_LITERAL_NULL_CONVERSION = YES;
				CLANG_WARN_OBJC_IMPLICIT_RETAIN_SELF = YES;
				CLANG_WARN_OBJC_LITERAL_CONVERSION = YES;
				CLANG_WARN_OBJC_ROOT_CLASS = YES_ERROR;
				CLANG_WARN_RANGE_LOOP_ANALYSIS = YES;
				CLANG_WARN_STRICT_PROTOTYPES = YES;
				CLANG_WARN_SUSPICIOUS_MOVE = YES;
				CLANG_WARN_UNGUARDED_AVAILABILITY = YES_AGGRESSIVE;
				CLANG_WARN_UNREACHABLE_CODE = YES;
				CLANG_WARN__DUPLICATE_METHOD_MATCH = YES;
				CODE_SIGN_IDENTITY = "iPhone Developer";
				COPY_PHASE_STRIP = NO;
				DEBUG_INFORMATION_FORMAT = "dwarf-with-dsym";
				ENABLE_NS_ASSERTIONS = NO;
				ENABLE_STRICT_OBJC_MSGSEND = YES;
				GCC_C_LANGUAGE_STANDARD = gnu11;
				GCC_NO_COMMON_BLOCKS = YES;
				GCC_WARN_64_TO_32_BIT_CONVERSION = YES;
				GCC_WARN_ABOUT_RETURN_TYPE = YES_ERROR;
				GCC_WARN_UNDECLARED_SELECTOR = YES;
				GCC_WARN_UNINITIALIZED_AUTOS = YES_AGGRESSIVE;
				GCC_WARN_UNUSED_FUNCTION = YES;
				GCC_WARN_UNUSED_VARIABLE = YES;
				IPHONEOS_DEPLOYMENT_TARGET = 12.1;
				MTL_ENABLE_DEBUG_INFO = NO;
				MTL_FAST_MATH = YES;
				SDKROOT = iphoneos;
				SWIFT_COMPILATION_MODE = wholemodule;
				SWIFT_OPTIMIZATION_LEVEL = "-O";
				VALIDATE_PRODUCT = YES;
			};
			name = Release;
		};
		AAF2E60221EDB04B00EEBE29 /* Debug */ = {
			isa = XCBuildConfiguration;
			baseConfigurationReference = A821B596C1F9F648D5022511 /* Pods-GoogleMapsSampleCode.debug.xcconfig */;
			buildSettings = {
				ASSETCATALOG_COMPILER_APPICON_NAME = AppIcon;
				CODE_SIGN_STYLE = Automatic;
				DEVELOPMENT_TEAM = 68B4J5F23V;
				INFOPLIST_FILE = GoogleMapsSampleCode/Info.plist;
				LD_RUNPATH_SEARCH_PATHS = (
					"$(inherited)",
					"@executable_path/Frameworks",
				);
				PRODUCT_BUNDLE_IDENTIFIER = com.braintools.GoogleMapsSampleCode;
				PRODUCT_NAME = "$(TARGET_NAME)";
				SWIFT_VERSION = 4.2;
				TARGETED_DEVICE_FAMILY = "1,2";
			};
			name = Debug;
		};
		AAF2E60321EDB04B00EEBE29 /* Release */ = {
			isa = XCBuildConfiguration;
			baseConfigurationReference = A009D3B7270DF53838BBB09A /* Pods-GoogleMapsSampleCode.release.xcconfig */;
			buildSettings = {
				ASSETCATALOG_COMPILER_APPICON_NAME = AppIcon;
				CODE_SIGN_STYLE = Automatic;
				DEVELOPMENT_TEAM = 68B4J5F23V;
				INFOPLIST_FILE = GoogleMapsSampleCode/Info.plist;
				LD_RUNPATH_SEARCH_PATHS = (
					"$(inherited)",
					"@executable_path/Frameworks",
				);
				PRODUCT_BUNDLE_IDENTIFIER = com.braintools.GoogleMapsSampleCode;
				PRODUCT_NAME = "$(TARGET_NAME)";
				SWIFT_VERSION = 4.2;
				TARGETED_DEVICE_FAMILY = "1,2";
			};
			name = Release;
		};
/* End XCBuildConfiguration section */

/* Begin XCConfigurationList section */
		AAF2E5EA21EDB04A00EEBE29 /* Build configuration list for PBXProject "GoogleMapsSampleCode" */ = {
			isa = XCConfigurationList;
			buildConfigurations = (
				AAF2E5FF21EDB04B00EEBE29 /* Debug */,
				AAF2E60021EDB04B00EEBE29 /* Release */,
			);
			defaultConfigurationIsVisible = 0;
			defaultConfigurationName = Release;
		};
		AAF2E60121EDB04B00EEBE29 /* Build configuration list for PBXNativeTarget "GoogleMapsSampleCode" */ = {
			isa = XCConfigurationList;
			buildConfigurations = (
				AAF2E60221EDB04B00EEBE29 /* Debug */,
				AAF2E60321EDB04B00EEBE29 /* Release */,
			);
			defaultConfigurationIsVisible = 0;
			defaultConfigurationName = Release;
		};
/* End XCConfigurationList section */
	};
	rootObject = AAF2E5E721EDB04A00EEBE29 /* Project object */;
}
